// !$*UTF8*$!
{
	archiveVersion = 1;
	classes = {
	};
	objectVersion = 56;
	objects = {

/* Begin PBXBuildFile section */
		EF2812DF2BD2BB4200E11CE9 /* StartScene.sks in Resources */ = {isa = PBXBuildFile; fileRef = EF2812DE2BD2BB4200E11CE9 /* StartScene.sks */; };
		EF2812E32BDD82FE00E11CE9 /* HowToScene.sks in Resources */ = {isa = PBXBuildFile; fileRef = EF2812E22BDD82FE00E11CE9 /* HowToScene.sks */; };
		EF2812E72BDD837F00E11CE9 /* HowToScreen.swift in Sources */ = {isa = PBXBuildFile; fileRef = EF2812E62BDD837F00E11CE9 /* HowToScreen.swift */; };
		EF851F282BCEC6050078DC77 /* AppDelegate.swift in Sources */ = {isa = PBXBuildFile; fileRef = EF851F272BCEC6050078DC77 /* AppDelegate.swift */; };
		EF851F2A2BCEC6050078DC77 /* GameScene.sks in Resources */ = {isa = PBXBuildFile; fileRef = EF851F292BCEC6050078DC77 /* GameScene.sks */; };
		EF851F2C2BCEC6050078DC77 /* Actions.sks in Resources */ = {isa = PBXBuildFile; fileRef = EF851F2B2BCEC6050078DC77 /* Actions.sks */; };
		EF851F2E2BCEC6050078DC77 /* GameScene.swift in Sources */ = {isa = PBXBuildFile; fileRef = EF851F2D2BCEC6050078DC77 /* GameScene.swift */; };
		EF851F302BCEC6050078DC77 /* GameViewController.swift in Sources */ = {isa = PBXBuildFile; fileRef = EF851F2F2BCEC6050078DC77 /* GameViewController.swift */; };
		EF851F332BCEC6050078DC77 /* Main.storyboard in Resources */ = {isa = PBXBuildFile; fileRef = EF851F312BCEC6050078DC77 /* Main.storyboard */; };
		EF851F352BCEC6060078DC77 /* Assets.xcassets in Resources */ = {isa = PBXBuildFile; fileRef = EF851F342BCEC6060078DC77 /* Assets.xcassets */; };
		EF851F382BCEC6060078DC77 /* LaunchScreen.storyboard in Resources */ = {isa = PBXBuildFile; fileRef = EF851F362BCEC6060078DC77 /* LaunchScreen.storyboard */; };
		EF851F3F2BCEC8D40078DC77 /* StartScreen.swift in Sources */ = {isa = PBXBuildFile; fileRef = EF851F3E2BCEC8D40078DC77 /* StartScreen.swift */; };
/* End PBXBuildFile section */

/* Begin PBXFileReference section */
		EF2812DE2BD2BB4200E11CE9 /* StartScene.sks */ = {isa = PBXFileReference; lastKnownFileType = file.sks; path = StartScene.sks; sourceTree = "<group>"; };
		EF2812E22BDD82FE00E11CE9 /* HowToScene.sks */ = {isa = PBXFileReference; lastKnownFileType = file.sks; path = HowToScene.sks; sourceTree = "<group>"; };
		EF2812E62BDD837F00E11CE9 /* HowToScreen.swift */ = {isa = PBXFileReference; lastKnownFileType = sourcecode.swift; path = HowToScreen.swift; sourceTree = "<group>"; };
		EF851F242BCEC6050078DC77 /* Mega Jump.app */ = {isa = PBXFileReference; explicitFileType = wrapper.application; includeInIndex = 0; path = "Mega Jump.app"; sourceTree = BUILT_PRODUCTS_DIR; };
		EF851F272BCEC6050078DC77 /* AppDelegate.swift */ = {isa = PBXFileReference; lastKnownFileType = sourcecode.swift; path = AppDelegate.swift; sourceTree = "<group>"; };
		EF851F292BCEC6050078DC77 /* GameScene.sks */ = {isa = PBXFileReference; lastKnownFileType = file.sks; path = GameScene.sks; sourceTree = "<group>"; };
		EF851F2B2BCEC6050078DC77 /* Actions.sks */ = {isa = PBXFileReference; lastKnownFileType = file.sks; path = Actions.sks; sourceTree = "<group>"; };
		EF851F2D2BCEC6050078DC77 /* GameScene.swift */ = {isa = PBXFileReference; lastKnownFileType = sourcecode.swift; path = GameScene.swift; sourceTree = "<group>"; };
		EF851F2F2BCEC6050078DC77 /* GameViewController.swift */ = {isa = PBXFileReference; lastKnownFileType = sourcecode.swift; path = GameViewController.swift; sourceTree = "<group>"; };
		EF851F322BCEC6050078DC77 /* Base */ = {isa = PBXFileReference; lastKnownFileType = file.storyboard; name = Base; path = Base.lproj/Main.storyboard; sourceTree = "<group>"; };
		EF851F342BCEC6060078DC77 /* Assets.xcassets */ = {isa = PBXFileReference; lastKnownFileType = folder.assetcatalog; path = Assets.xcassets; sourceTree = "<group>"; };
		EF851F372BCEC6060078DC77 /* Base */ = {isa = PBXFileReference; lastKnownFileType = file.storyboard; name = Base; path = Base.lproj/LaunchScreen.storyboard; sourceTree = "<group>"; };
		EF851F3E2BCEC8D40078DC77 /* StartScreen.swift */ = {isa = PBXFileReference; lastKnownFileType = sourcecode.swift; path = StartScreen.swift; sourceTree = "<group>"; };
/* End PBXFileReference section */

/* Begin PBXFrameworksBuildPhase section */
		EF851F212BCEC6050078DC77 /* Frameworks */ = {
			isa = PBXFrameworksBuildPhase;
			buildActionMask = 2147483647;
			files = (
			);
			runOnlyForDeploymentPostprocessing = 0;
		};
/* End PBXFrameworksBuildPhase section */

/* Begin PBXGroup section */
		EF851F1B2BCEC6050078DC77 = {
			isa = PBXGroup;
			children = (
				EF851F262BCEC6050078DC77 /* Mega Jump */,
				EF851F252BCEC6050078DC77 /* Products */,
			);
			sourceTree = "<group>";
		};
		EF851F252BCEC6050078DC77 /* Products */ = {
			isa = PBXGroup;
			children = (
				EF851F242BCEC6050078DC77 /* Mega Jump.app */,
			);
			name = Products;
			sourceTree = "<group>";
		};
		EF851F262BCEC6050078DC77 /* Mega Jump */ = {
			isa = PBXGroup;
			children = (
				EF851F272BCEC6050078DC77 /* AppDelegate.swift */,
				EF851F292BCEC6050078DC77 /* GameScene.sks */,
				EF2812DE2BD2BB4200E11CE9 /* StartScene.sks */,
				EF2812E22BDD82FE00E11CE9 /* HowToScene.sks */,
				EF851F2B2BCEC6050078DC77 /* Actions.sks */,
				EF851F2D2BCEC6050078DC77 /* GameScene.swift */,
				EF851F3E2BCEC8D40078DC77 /* StartScreen.swift */,
				EF2812E62BDD837F00E11CE9 /* HowToScreen.swift */,
				EF851F2F2BCEC6050078DC77 /* GameViewController.swift */,
				EF851F312BCEC6050078DC77 /* Main.storyboard */,
				EF851F342BCEC6060078DC77 /* Assets.xcassets */,
				EF851F362BCEC6060078DC77 /* LaunchScreen.storyboard */,
			);
			path = "Mega Jump";
			sourceTree = "<group>";
		};
/* End PBXGroup section */

/* Begin PBXNativeTarget section */
		EF851F232BCEC6050078DC77 /* Mega Jump */ = {
			isa = PBXNativeTarget;
			buildConfigurationList = EF851F3B2BCEC6060078DC77 /* Build configuration list for PBXNativeTarget "Mega Jump" */;
			buildPhases = (
				EF851F202BCEC6050078DC77 /* Sources */,
				EF851F212BCEC6050078DC77 /* Frameworks */,
				EF851F222BCEC6050078DC77 /* Resources */,
			);
			buildRules = (
			);
			dependencies = (
			);
			name = "Mega Jump";
			productName = "Mega Jump";
			productReference = EF851F242BCEC6050078DC77 /* Mega Jump.app */;
			productType = "com.apple.product-type.application";
		};
/* End PBXNativeTarget section */

/* Begin PBXProject section */
		EF851F1C2BCEC6050078DC77 /* Project object */ = {
			isa = PBXProject;
			attributes = {
				BuildIndependentTargetsInParallel = 1;
				LastSwiftUpdateCheck = 1520;
				LastUpgradeCheck = 1520;
				TargetAttributes = {
					EF851F232BCEC6050078DC77 = {
						CreatedOnToolsVersion = 15.2;
					};
				};
			};
			buildConfigurationList = EF851F1F2BCEC6050078DC77 /* Build configuration list for PBXProject "Mega Jump" */;
			compatibilityVersion = "Xcode 14.0";
			developmentRegion = en;
			hasScannedForEncodings = 0;
			knownRegions = (
				en,
				Base,
			);
			mainGroup = EF851F1B2BCEC6050078DC77;
			productRefGroup = EF851F252BCEC6050078DC77 /* Products */;
			projectDirPath = "";
			projectRoot = "";
			targets = (
				EF851F232BCEC6050078DC77 /* Mega Jump */,
			);
		};
/* End PBXProject section */

/* Begin PBXResourcesBuildPhase section */
		EF851F222BCEC6050078DC77 /* Resources */ = {
			isa = PBXResourcesBuildPhase;
			buildActionMask = 2147483647;
			files = (
				EF2812E32BDD82FE00E11CE9 /* HowToScene.sks in Resources */,
				EF851F332BCEC6050078DC77 /* Main.storyboard in Resources */,
				EF851F2A2BCEC6050078DC77 /* GameScene.sks in Resources */,
				EF851F352BCEC6060078DC77 /* Assets.xcassets in Resources */,
				EF2812DF2BD2BB4200E11CE9 /* StartScene.sks in Resources */,
				EF851F382BCEC6060078DC77 /* LaunchScreen.storyboard in Resources */,
				EF851F2C2BCEC6050078DC77 /* Actions.sks in Resources */,
			);
			runOnlyForDeploymentPostprocessing = 0;
		};
/* End PBXResourcesBuildPhase section */

/* Begin PBXSourcesBuildPhase section */
		EF851F202BCEC6050078DC77 /* Sources */ = {
			isa = PBXSourcesBuildPhase;
			buildActionMask = 2147483647;
			files = (
				EF851F2E2BCEC6050078DC77 /* GameScene.swift in Sources */,
				EF2812E72BDD837F00E11CE9 /* HowToScreen.swift in Sources */,
				EF851F302BCEC6050078DC77 /* GameViewController.swift in Sources */,
				EF851F3F2BCEC8D40078DC77 /* StartScreen.swift in Sources */,
				EF851F282BCEC6050078DC77 /* AppDelegate.swift in Sources */,
			);
			runOnlyForDeploymentPostprocessing = 0;
		};
/* End PBXSourcesBuildPhase section */

/* Begin PBXVariantGroup section */
		EF851F312BCEC6050078DC77 /* Main.storyboard */ = {
			isa = PBXVariantGroup;
			children = (
				EF851F322BCEC6050078DC77 /* Base */,
			);
			name = Main.storyboard;
			sourceTree = "<group>";
		};
		EF851F362BCEC6060078DC77 /* LaunchScreen.storyboard */ = {
			isa = PBXVariantGroup;
			children = (
				EF851F372BCEC6060078DC77 /* Base */,
			);
			name = LaunchScreen.storyboard;
			sourceTree = "<group>";
		};
/* End PBXVariantGroup section */

/* Begin XCBuildConfiguration section */
		EF851F392BCEC6060078DC77 /* Debug */ = {
			isa = XCBuildConfiguration;
			buildSettings = {
				ALWAYS_SEARCH_USER_PATHS = NO;
				ASSETCATALOG_COMPILER_GENERATE_SWIFT_ASSET_SYMBOL_EXTENSIONS = YES;
				CLANG_ANALYZER_NONNULL = YES;
				CLANG_ANALYZER_NUMBER_OBJECT_CONVERSION = YES_AGGRESSIVE;
				CLANG_CXX_LANGUAGE_STANDARD = "gnu++20";
				CLANG_ENABLE_MODULES = YES;
				CLANG_ENABLE_OBJC_ARC = YES;
				CLANG_ENABLE_OBJC_WEAK = YES;
				CLANG_WARN_BLOCK_CAPTURE_AUTORELEASING = YES;
				CLANG_WARN_BOOL_CONVERSION = YES;
				CLANG_WARN_COMMA = YES;
				CLANG_WARN_CONSTANT_CONVERSION = YES;
				CLANG_WARN_DEPRECATED_OBJC_IMPLEMENTATIONS = YES;
				CLANG_WARN_DIRECT_OBJC_ISA_USAGE = YES_ERROR;
				CLANG_WARN_DOCUMENTATION_COMMENTS = YES;
				CLANG_WARN_EMPTY_BODY = YES;
				CLANG_WARN_ENUM_CONVERSION = YES;
				CLANG_WARN_INFINITE_RECURSION = YES;
				CLANG_WARN_INT_CONVERSION = YES;
				CLANG_WARN_NON_LITERAL_NULL_CONVERSION = YES;
				CLANG_WARN_OBJC_IMPLICIT_RETAIN_SELF = YES;
				CLANG_WARN_OBJC_LITERAL_CONVERSION = YES;
				CLANG_WARN_OBJC_ROOT_CLASS = YES_ERROR;
				CLANG_WARN_QUOTED_INCLUDE_IN_FRAMEWORK_HEADER = YES;
				CLANG_WARN_RANGE_LOOP_ANALYSIS = YES;
				CLANG_WARN_STRICT_PROTOTYPES = YES;
				CLANG_WARN_SUSPICIOUS_MOVE = YES;
				CLANG_WARN_UNGUARDED_AVAILABILITY = YES_AGGRESSIVE;
				CLANG_WARN_UNREACHABLE_CODE = YES;
				CLANG_WARN__DUPLICATE_METHOD_MATCH = YES;
				COPY_PHASE_STRIP = NO;
				DEBUG_INFORMATION_FORMAT = dwarf;
				ENABLE_STRICT_OBJC_MSGSEND = YES;
				ENABLE_TESTABILITY = YES;
				ENABLE_USER_SCRIPT_SANDBOXING = YES;
				GCC_C_LANGUAGE_STANDARD = gnu17;
				GCC_DYNAMIC_NO_PIC = NO;
				GCC_NO_COMMON_BLOCKS = YES;
				GCC_OPTIMIZATION_LEVEL = 0;
				GCC_PREPROCESSOR_DEFINITIONS = (
					"DEBUG=1",
					"$(inherited)",
				);
				GCC_WARN_64_TO_32_BIT_CONVERSION = YES;
				GCC_WARN_ABOUT_RETURN_TYPE = YES_ERROR;
				GCC_WARN_UNDECLARED_SELECTOR = YES;
				GCC_WARN_UNINITIALIZED_AUTOS = YES_AGGRESSIVE;
				GCC_WARN_UNUSED_FUNCTION = YES;
				GCC_WARN_UNUSED_VARIABLE = YES;
				IPHONEOS_DEPLOYMENT_TARGET = 17.2;
				LOCALIZATION_PREFERS_STRING_CATALOGS = YES;
				MTL_ENABLE_DEBUG_INFO = INCLUDE_SOURCE;
				MTL_FAST_MATH = YES;
				ONLY_ACTIVE_ARCH = YES;
				SDKROOT = iphoneos;
				SWIFT_ACTIVE_COMPILATION_CONDITIONS = "DEBUG $(inherited)";
				SWIFT_OPTIMIZATION_LEVEL = "-Onone";
			};
			name = Debug;
		};
		EF851F3A2BCEC6060078DC77 /* Release */ = {
			isa = XCBuildConfiguration;
			buildSettings = {
				ALWAYS_SEARCH_USER_PATHS = NO;
				ASSETCATALOG_COMPILER_GENERATE_SWIFT_ASSET_SYMBOL_EXTENSIONS = YES;
				CLANG_ANALYZER_NONNULL = YES;
				CLANG_ANALYZER_NUMBER_OBJECT_CONVERSION = YES_AGGRESSIVE;
				CLANG_CXX_LANGUAGE_STANDARD = "gnu++20";
				CLANG_ENABLE_MODULES = YES;
				CLANG_ENABLE_OBJC_ARC = YES;
				CLANG_ENABLE_OBJC_WEAK = YES;
				CLANG_WARN_BLOCK_CAPTURE_AUTORELEASING = YES;
				CLANG_WARN_BOOL_CONVERSION = YES;
				CLANG_WARN_COMMA = YES;
				CLANG_WARN_CONSTANT_CONVERSION = YES;
				CLANG_WARN_DEPRECATED_OBJC_IMPLEMENTATIONS = YES;
				CLANG_WARN_DIRECT_OBJC_ISA_USAGE = YES_ERROR;
				CLANG_WARN_DOCUMENTATION_COMMENTS = YES;
				CLANG_WARN_EMPTY_BODY = YES;
				CLANG_WARN_ENUM_CONVERSION = YES;
				CLANG_WARN_INFINITE_RECURSION = YES;
				CLANG_WARN_INT_CONVERSION = YES;
				CLANG_WARN_NON_LITERAL_NULL_CONVERSION = YES;
				CLANG_WARN_OBJC_IMPLICIT_RETAIN_SELF = YES;
				CLANG_WARN_OBJC_LITERAL_CONVERSION = YES;
				CLANG_WARN_OBJC_ROOT_CLASS = YES_ERROR;
				CLANG_WARN_QUOTED_INCLUDE_IN_FRAMEWORK_HEADER = YES;
				CLANG_WARN_RANGE_LOOP_ANALYSIS = YES;
				CLANG_WARN_STRICT_PROTOTYPES = YES;
				CLANG_WARN_SUSPICIOUS_MOVE = YES;
				CLANG_WARN_UNGUARDED_AVAILABILITY = YES_AGGRESSIVE;
				CLANG_WARN_UNREACHABLE_CODE = YES;
				CLANG_WARN__DUPLICATE_METHOD_MATCH = YES;
				COPY_PHASE_STRIP = NO;
				DEBUG_INFORMATION_FORMAT = "dwarf-with-dsym";
				ENABLE_NS_ASSERTIONS = NO;
				ENABLE_STRICT_OBJC_MSGSEND = YES;
				ENABLE_USER_SCRIPT_SANDBOXING = YES;
				GCC_C_LANGUAGE_STANDARD = gnu17;
				GCC_NO_COMMON_BLOCKS = YES;
				GCC_WARN_64_TO_32_BIT_CONVERSION = YES;
				GCC_WARN_ABOUT_RETURN_TYPE = YES_ERROR;
				GCC_WARN_UNDECLARED_SELECTOR = YES;
				GCC_WARN_UNINITIALIZED_AUTOS = YES_AGGRESSIVE;
				GCC_WARN_UNUSED_FUNCTION = YES;
				GCC_WARN_UNUSED_VARIABLE = YES;
				IPHONEOS_DEPLOYMENT_TARGET = 17.2;
				LOCALIZATION_PREFERS_STRING_CATALOGS = YES;
				MTL_ENABLE_DEBUG_INFO = NO;
				MTL_FAST_MATH = YES;
				SDKROOT = iphoneos;
				SWIFT_COMPILATION_MODE = wholemodule;
				VALIDATE_PRODUCT = YES;
			};
			name = Release;
		};
		EF851F3C2BCEC6060078DC77 /* Debug */ = {
			isa = XCBuildConfiguration;
			buildSettings = {
				ASSETCATALOG_COMPILER_APPICON_NAME = AppIcon;
				ASSETCATALOG_COMPILER_GLOBAL_ACCENT_COLOR_NAME = AccentColor;
				CODE_SIGN_STYLE = Automatic;
				CURRENT_PROJECT_VERSION = 1;
				DEVELOPMENT_TEAM = H8RFSXNM24;
				GENERATE_INFOPLIST_FILE = YES;
				INFOPLIST_KEY_UIApplicationSupportsIndirectInputEvents = YES;
				INFOPLIST_KEY_UILaunchStoryboardName = LaunchScreen;
				INFOPLIST_KEY_UIMainStoryboardFile = Main;
				INFOPLIST_KEY_UIStatusBarHidden = YES;
				INFOPLIST_KEY_UISupportedInterfaceOrientations = UIInterfaceOrientationLandscapeRight;
				INFOPLIST_KEY_UISupportedInterfaceOrientations_iPad = "UIInterfaceOrientationLandscapeLeft UIInterfaceOrientationLandscapeRight UIInterfaceOrientationPortrait UIInterfaceOrientationPortraitUpsideDown";
				LD_RUNPATH_SEARCH_PATHS = (
					"$(inherited)",
					"@executable_path/Frameworks",
				);
				MARKETING_VERSION = 1.0;
				PRODUCT_BUNDLE_IDENTIFIER = "NickSoftware.Mega-Jump";
				PRODUCT_NAME = "$(TARGET_NAME)";
				SWIFT_EMIT_LOC_STRINGS = YES;
				SWIFT_VERSION = 5.0;
				TARGETED_DEVICE_FAMILY = "1,2";
			};
			name = Debug;
		};
		EF851F3D2BCEC6060078DC77 /* Release */ = {
			isa = XCBuildConfiguration;
			buildSettings = {
				ASSETCATALOG_COMPILER_APPICON_NAME = AppIcon;
				ASSETCATALOG_COMPILER_GLOBAL_ACCENT_COLOR_NAME = AccentColor;
				CODE_SIGN_STYLE = Automatic;
				CURRENT_PROJECT_VERSION = 1;
				DEVELOPMENT_TEAM = H8RFSXNM24;
				GENERATE_INFOPLIST_FILE = YES;
				INFOPLIST_KEY_UIApplicationSupportsIndirectInputEvents = YES;
				INFOPLIST_KEY_UILaunchStoryboardName = LaunchScreen;
				INFOPLIST_KEY_UIMainStoryboardFile = Main;
				INFOPLIST_KEY_UIStatusBarHidden = YES;
				INFOPLIST_KEY_UISupportedInterfaceOrientations = UIInterfaceOrientationLandscapeRight;
				INFOPLIST_KEY_UISupportedInterfaceOrientations_iPad = "UIInterfaceOrientationLandscapeLeft UIInterfaceOrientationLandscapeRight UIInterfaceOrientationPortrait UIInterfaceOrientationPortraitUpsideDown";
				LD_RUNPATH_SEARCH_PATHS = (
					"$(inherited)",
					"@executable_path/Frameworks",
				);
				MARKETING_VERSION = 1.0;
				PRODUCT_BUNDLE_IDENTIFIER = "NickSoftware.Mega-Jump";
				PRODUCT_NAME = "$(TARGET_NAME)";
				SWIFT_EMIT_LOC_STRINGS = YES;
				SWIFT_VERSION = 5.0;
				TARGETED_DEVICE_FAMILY = "1,2";
			};
			name = Release;
		};
/* End XCBuildConfiguration section */

/* Begin XCConfigurationList section */
		EF851F1F2BCEC6050078DC77 /* Build configuration list for PBXProject "Mega Jump" */ = {
			isa = XCConfigurationList;
			buildConfigurations = (
				EF851F392BCEC6060078DC77 /* Debug */,
				EF851F3A2BCEC6060078DC77 /* Release */,
			);
			defaultConfigurationIsVisible = 0;
			defaultConfigurationName = Release;
		};
		EF851F3B2BCEC6060078DC77 /* Build configuration list for PBXNativeTarget "Mega Jump" */ = {
			isa = XCConfigurationList;
			buildConfigurations = (
				EF851F3C2BCEC6060078DC77 /* Debug */,
				EF851F3D2BCEC6060078DC77 /* Release */,
			);
			defaultConfigurationIsVisible = 0;
			defaultConfigurationName = Release;
		};
/* End XCConfigurationList section */
	};
	rootObject = EF851F1C2BCEC6050078DC77 /* Project object */;
}
